
Microsoft Visual Studio Solution File, Format Version 12.00
# Visual Studio 15
VisualStudioVersion = 15.0.26730.12
MinimumVisualStudioVersion = 10.0.40219.1
Project("{FAE04EC0-301F-11D3-BF4B-00C04F79EFBC}") = "Handsome", "Handsome\Handsome.csproj", "{5E63C7C1-3EDB-4404-9C28-EB293227F714}"
EndProject
Project("{54435603-DBB4-11D2-8724-00A0C9A8B90C}") = "Setup", "Setup\Setup.vdproj", "{D1129D2E-F627-4869-BB2A-2B376A89603E}"
EndProject
Global
	GlobalSection(SolutionConfigurationPlatforms) = preSolution
		Debug|Any CPU = Debug|Any CPU
		Release|Any CPU = Release|Any CPU
	EndGlobalSection
	GlobalSection(ProjectConfigurationPlatforms) = postSolution
		{5E63C7C1-3EDB-4404-9C28-EB293227F714}.Debug|Any CPU.ActiveCfg = Debug|Any CPU
		{5E63C7C1-3EDB-4404-9C28-EB293227F714}.Debug|Any CPU.Build.0 = Debug|Any CPU
		{5E63C7C1-3EDB-4404-9C28-EB293227F714}.Release|Any CPU.ActiveCfg = Release|Any CPU
		{5E63C7C1-3EDB-4404-9C28-EB293227F714}.Release|Any CPU.Build.0 = Release|Any CPU
		{D1129D2E-F627-4869-BB2A-2B376A89603E}.Debug|Any CPU.ActiveCfg = Debug
		{D1129D2E-F627-4869-BB2A-2B376A89603E}.Release|Any CPU.ActiveCfg = Release
	EndGlobalSection
	GlobalSection(SolutionProperties) = preSolution
		HideSolutionNode = FALSE
	EndGlobalSection
	GlobalSection(ExtensibilityGlobals) = postSolution
		SolutionGuid = {21B7938F-595B-4E2B-A1D2-034A4C5F5036}
	EndGlobalSection
EndGlobal
